// !$*UTF8*$!
{
	archiveVersion = 1;
	classes = {
	};
	objectVersion = 46;
	objects = {

/* Begin PBXBuildFile section */
		9384EF221D3D403500060471 /* AppDelegate.swift in Sources */ = {isa = PBXBuildFile; fileRef = 9384EF211D3D403500060471 /* AppDelegate.swift */; };
		9384EF241D3D403500060471 /* ViewController.swift in Sources */ = {isa = PBXBuildFile; fileRef = 9384EF231D3D403500060471 /* ViewController.swift */; };
		9384EF271D3D403500060471 /* Main.storyboard in Resources */ = {isa = PBXBuildFile; fileRef = 9384EF251D3D403500060471 /* Main.storyboard */; };
		9384EF291D3D403500060471 /* Assets.xcassets in Resources */ = {isa = PBXBuildFile; fileRef = 9384EF281D3D403500060471 /* Assets.xcassets */; };
		9384EF2C1D3D403500060471 /* LaunchScreen.storyboard in Resources */ = {isa = PBXBuildFile; fileRef = 9384EF2A1D3D403500060471 /* LaunchScreen.storyboard */; };
		9384EF371D3D403500060471 /* LearniOS_BoomAppExerciseTests.swift in Sources */ = {isa = PBXBuildFile; fileRef = 9384EF361D3D403500060471 /* LearniOS_BoomAppExerciseTests.swift */; };
		9384EF421D3D403500060471 /* LearniOS_BoomAppExerciseUITests.swift in Sources */ = {isa = PBXBuildFile; fileRef = 9384EF411D3D403500060471 /* LearniOS_BoomAppExerciseUITests.swift */; };
/* End PBXBuildFile section */

/* Begin PBXContainerItemProxy section */
		9384EF331D3D403500060471 /* PBXContainerItemProxy */ = {
			isa = PBXContainerItemProxy;
			containerPortal = 9384EF161D3D403400060471 /* Project object */;
			proxyType = 1;
			remoteGlobalIDString = 9384EF1D1D3D403400060471;
			remoteInfo = "LearniOS-BoomAppExercise";
		};
		9384EF3E1D3D403500060471 /* PBXContainerItemProxy */ = {
			isa = PBXContainerItemProxy;
			containerPortal = 9384EF161D3D403400060471 /* Project object */;
			proxyType = 1;
			remoteGlobalIDString = 9384EF1D1D3D403400060471;
			remoteInfo = "LearniOS-BoomAppExercise";
		};
/* End PBXContainerItemProxy section */

/* Begin PBXFileReference section */
		9384EF1E1D3D403400060471 /* LearniOS-BoomAppExercise.app */ = {isa = PBXFileReference; explicitFileType = wrapper.application; includeInIndex = 0; path = "LearniOS-BoomAppExercise.app"; sourceTree = BUILT_PRODUCTS_DIR; };
		9384EF211D3D403500060471 /* AppDelegate.swift */ = {isa = PBXFileReference; lastKnownFileType = sourcecode.swift; path = AppDelegate.swift; sourceTree = "<group>"; };
		9384EF231D3D403500060471 /* ViewController.swift */ = {isa = PBXFileReference; lastKnownFileType = sourcecode.swift; path = ViewController.swift; sourceTree = "<group>"; };
		9384EF261D3D403500060471 /* Base */ = {isa = PBXFileReference; lastKnownFileType = file.storyboard; name = Base; path = Base.lproj/Main.storyboard; sourceTree = "<group>"; };
		9384EF281D3D403500060471 /* Assets.xcassets */ = {isa = PBXFileReference; lastKnownFileType = folder.assetcatalog; path = Assets.xcassets; sourceTree = "<group>"; };
		9384EF2B1D3D403500060471 /* Base */ = {isa = PBXFileReference; lastKnownFileType = file.storyboard; name = Base; path = Base.lproj/LaunchScreen.storyboard; sourceTree = "<group>"; };
		9384EF2D1D3D403500060471 /* Info.plist */ = {isa = PBXFileReference; lastKnownFileType = text.plist.xml; path = Info.plist; sourceTree = "<group>"; };
		9384EF321D3D403500060471 /* LearniOS-BoomAppExerciseTests.xctest */ = {isa = PBXFileReference; explicitFileType = wrapper.cfbundle; includeInIndex = 0; path = "LearniOS-BoomAppExerciseTests.xctest"; sourceTree = BUILT_PRODUCTS_DIR; };
		9384EF361D3D403500060471 /* LearniOS_BoomAppExerciseTests.swift */ = {isa = PBXFileReference; lastKnownFileType = sourcecode.swift; path = LearniOS_BoomAppExerciseTests.swift; sourceTree = "<group>"; };
		9384EF381D3D403500060471 /* Info.plist */ = {isa = PBXFileReference; lastKnownFileType = text.plist.xml; path = Info.plist; sourceTree = "<group>"; };
		9384EF3D1D3D403500060471 /* LearniOS-BoomAppExerciseUITests.xctest */ = {isa = PBXFileReference; explicitFileType = wrapper.cfbundle; includeInIndex = 0; path = "LearniOS-BoomAppExerciseUITests.xctest"; sourceTree = BUILT_PRODUCTS_DIR; };
		9384EF411D3D403500060471 /* LearniOS_BoomAppExerciseUITests.swift */ = {isa = PBXFileReference; lastKnownFileType = sourcecode.swift; path = LearniOS_BoomAppExerciseUITests.swift; sourceTree = "<group>"; };
		9384EF431D3D403500060471 /* Info.plist */ = {isa = PBXFileReference; lastKnownFileType = text.plist.xml; path = Info.plist; sourceTree = "<group>"; };
/* End PBXFileReference section */

/* Begin PBXFrameworksBuildPhase section */
		9384EF1B1D3D403400060471 /* Frameworks */ = {
			isa = PBXFrameworksBuildPhase;
			buildActionMask = 2147483647;
			files = (
			);
			runOnlyForDeploymentPostprocessing = 0;
		};
		9384EF2F1D3D403500060471 /* Frameworks */ = {
			isa = PBXFrameworksBuildPhase;
			buildActionMask = 2147483647;
			files = (
			);
			runOnlyForDeploymentPostprocessing = 0;
		};
		9384EF3A1D3D403500060471 /* Frameworks */ = {
			isa = PBXFrameworksBuildPhase;
			buildActionMask = 2147483647;
			files = (
			);
			runOnlyForDeploymentPostprocessing = 0;
		};
/* End PBXFrameworksBuildPhase section */

/* Begin PBXGroup section */
		9384EF151D3D403400060471 = {
			isa = PBXGroup;
			children = (
				9384EF201D3D403500060471 /* LearniOS-BoomAppExercise */,
				9384EF351D3D403500060471 /* LearniOS-BoomAppExerciseTests */,
				9384EF401D3D403500060471 /* LearniOS-BoomAppExerciseUITests */,
				9384EF1F1D3D403400060471 /* Products */,
			);
			sourceTree = "<group>";
		};
		9384EF1F1D3D403400060471 /* Products */ = {
			isa = PBXGroup;
			children = (
				9384EF1E1D3D403400060471 /* LearniOS-BoomAppExercise.app */,
				9384EF321D3D403500060471 /* LearniOS-BoomAppExerciseTests.xctest */,
				9384EF3D1D3D403500060471 /* LearniOS-BoomAppExerciseUITests.xctest */,
			);
			name = Products;
			sourceTree = "<group>";
		};
		9384EF201D3D403500060471 /* LearniOS-BoomAppExercise */ = {
			isa = PBXGroup;
			children = (
				9384EF211D3D403500060471 /* AppDelegate.swift */,
				9384EF231D3D403500060471 /* ViewController.swift */,
				9384EF251D3D403500060471 /* Main.storyboard */,
				9384EF281D3D403500060471 /* Assets.xcassets */,
				9384EF2A1D3D403500060471 /* LaunchScreen.storyboard */,
				9384EF2D1D3D403500060471 /* Info.plist */,
			);
			path = "LearniOS-BoomAppExercise";
			sourceTree = "<group>";
		};
		9384EF351D3D403500060471 /* LearniOS-BoomAppExerciseTests */ = {
			isa = PBXGroup;
			children = (
				9384EF361D3D403500060471 /* LearniOS_BoomAppExerciseTests.swift */,
				9384EF381D3D403500060471 /* Info.plist */,
			);
			path = "LearniOS-BoomAppExerciseTests";
			sourceTree = "<group>";
		};
		9384EF401D3D403500060471 /* LearniOS-BoomAppExerciseUITests */ = {
			isa = PBXGroup;
			children = (
				9384EF411D3D403500060471 /* LearniOS_BoomAppExerciseUITests.swift */,
				9384EF431D3D403500060471 /* Info.plist */,
			);
			path = "LearniOS-BoomAppExerciseUITests";
			sourceTree = "<group>";
		};
/* End PBXGroup section */

/* Begin PBXNativeTarget section */
		9384EF1D1D3D403400060471 /* LearniOS-BoomAppExercise */ = {
			isa = PBXNativeTarget;
			buildConfigurationList = 9384EF461D3D403500060471 /* Build configuration list for PBXNativeTarget "LearniOS-BoomAppExercise" */;
			buildPhases = (
				9384EF1A1D3D403400060471 /* Sources */,
				9384EF1B1D3D403400060471 /* Frameworks */,
				9384EF1C1D3D403400060471 /* Resources */,
			);
			buildRules = (
			);
			dependencies = (
			);
			name = "LearniOS-BoomAppExercise";
			productName = "LearniOS-BoomAppExercise";
			productReference = 9384EF1E1D3D403400060471 /* LearniOS-BoomAppExercise.app */;
			productType = "com.apple.product-type.application";
		};
		9384EF311D3D403500060471 /* LearniOS-BoomAppExerciseTests */ = {
			isa = PBXNativeTarget;
			buildConfigurationList = 9384EF491D3D403500060471 /* Build configuration list for PBXNativeTarget "LearniOS-BoomAppExerciseTests" */;
			buildPhases = (
				9384EF2E1D3D403500060471 /* Sources */,
				9384EF2F1D3D403500060471 /* Frameworks */,
				9384EF301D3D403500060471 /* Resources */,
			);
			buildRules = (
			);
			dependencies = (
				9384EF341D3D403500060471 /* PBXTargetDependency */,
			);
			name = "LearniOS-BoomAppExerciseTests";
			productName = "LearniOS-BoomAppExerciseTests";
			productReference = 9384EF321D3D403500060471 /* LearniOS-BoomAppExerciseTests.xctest */;
			productType = "com.apple.product-type.bundle.unit-test";
		};
		9384EF3C1D3D403500060471 /* LearniOS-BoomAppExerciseUITests */ = {
			isa = PBXNativeTarget;
			buildConfigurationList = 9384EF4C1D3D403500060471 /* Build configuration list for PBXNativeTarget "LearniOS-BoomAppExerciseUITests" */;
			buildPhases = (
				9384EF391D3D403500060471 /* Sources */,
				9384EF3A1D3D403500060471 /* Frameworks */,
				9384EF3B1D3D403500060471 /* Resources */,
			);
			buildRules = (
			);
			dependencies = (
				9384EF3F1D3D403500060471 /* PBXTargetDependency */,
			);
			name = "LearniOS-BoomAppExerciseUITests";
			productName = "LearniOS-BoomAppExerciseUITests";
			productReference = 9384EF3D1D3D403500060471 /* LearniOS-BoomAppExerciseUITests.xctest */;
			productType = "com.apple.product-type.bundle.ui-testing";
		};
/* End PBXNativeTarget section */

/* Begin PBXProject section */
		9384EF161D3D403400060471 /* Project object */ = {
			isa = PBXProject;
			attributes = {
				LastSwiftUpdateCheck = 0730;
				LastUpgradeCheck = 0730;
				ORGANIZATIONNAME = "Teletechnophiliac Studio";
				TargetAttributes = {
					9384EF1D1D3D403400060471 = {
						CreatedOnToolsVersion = 7.3.1;
					};
					9384EF311D3D403500060471 = {
						CreatedOnToolsVersion = 7.3.1;
						TestTargetID = 9384EF1D1D3D403400060471;
					};
					9384EF3C1D3D403500060471 = {
						CreatedOnToolsVersion = 7.3.1;
						TestTargetID = 9384EF1D1D3D403400060471;
					};
				};
			};
			buildConfigurationList = 9384EF191D3D403400060471 /* Build configuration list for PBXProject "LearniOS-BoomAppExercise" */;
			compatibilityVersion = "Xcode 3.2";
			developmentRegion = English;
			hasScannedForEncodings = 0;
			knownRegions = (
				en,
				Base,
			);
			mainGroup = 9384EF151D3D403400060471;
			productRefGroup = 9384EF1F1D3D403400060471 /* Products */;
			projectDirPath = "";
			projectRoot = "";
			targets = (
				9384EF1D1D3D403400060471 /* LearniOS-BoomAppExercise */,
				9384EF311D3D403500060471 /* LearniOS-BoomAppExerciseTests */,
				9384EF3C1D3D403500060471 /* LearniOS-BoomAppExerciseUITests */,
			);
		};
/* End PBXProject section */

/* Begin PBXResourcesBuildPhase section */
		9384EF1C1D3D403400060471 /* Resources */ = {
			isa = PBXResourcesBuildPhase;
			buildActionMask = 2147483647;
			files = (
				9384EF2C1D3D403500060471 /* LaunchScreen.storyboard in Resources */,
				9384EF291D3D403500060471 /* Assets.xcassets in Resources */,
				9384EF271D3D403500060471 /* Main.storyboard in Resources */,
			);
			runOnlyForDeploymentPostprocessing = 0;
		};
		9384EF301D3D403500060471 /* Resources */ = {
			isa = PBXResourcesBuildPhase;
			buildActionMask = 2147483647;
			files = (
			);
			runOnlyForDeploymentPostprocessing = 0;
		};
		9384EF3B1D3D403500060471 /* Resources */ = {
			isa = PBXResourcesBuildPhase;
			buildActionMask = 2147483647;
			files = (
			);
			runOnlyForDeploymentPostprocessing = 0;
		};
/* End PBXResourcesBuildPhase section */

/* Begin PBXSourcesBuildPhase section */
		9384EF1A1D3D403400060471 /* Sources */ = {
			isa = PBXSourcesBuildPhase;
			buildActionMask = 2147483647;
			files = (
				9384EF241D3D403500060471 /* ViewController.swift in Sources */,
				9384EF221D3D403500060471 /* AppDelegate.swift in Sources */,
			);
			runOnlyForDeploymentPostprocessing = 0;
		};
		9384EF2E1D3D403500060471 /* Sources */ = {
			isa = PBXSourcesBuildPhase;
			buildActionMask = 2147483647;
			files = (
				9384EF371D3D403500060471 /* LearniOS_BoomAppExerciseTests.swift in Sources */,
			);
			runOnlyForDeploymentPostprocessing = 0;
		};
		9384EF391D3D403500060471 /* Sources */ = {
			isa = PBXSourcesBuildPhase;
			buildActionMask = 2147483647;
			files = (
				9384EF421D3D403500060471 /* LearniOS_BoomAppExerciseUITests.swift in Sources */,
			);
			runOnlyForDeploymentPostprocessing = 0;
		};
/* End PBXSourcesBuildPhase section */

/* Begin PBXTargetDependency section */
		9384EF341D3D403500060471 /* PBXTargetDependency */ = {
			isa = PBXTargetDependency;
			target = 9384EF1D1D3D403400060471 /* LearniOS-BoomAppExercise */;
			targetProxy = 9384EF331D3D403500060471 /* PBXContainerItemProxy */;
		};
		9384EF3F1D3D403500060471 /* PBXTargetDependency */ = {
			isa = PBXTargetDependency;
			target = 9384EF1D1D3D403400060471 /* LearniOS-BoomAppExercise */;
			targetProxy = 9384EF3E1D3D403500060471 /* PBXContainerItemProxy */;
		};
/* End PBXTargetDependency section */

/* Begin PBXVariantGroup section */
		9384EF251D3D403500060471 /* Main.storyboard */ = {
			isa = PBXVariantGroup;
			children = (
				9384EF261D3D403500060471 /* Base */,
			);
			name = Main.storyboard;
			sourceTree = "<group>";
		};
		9384EF2A1D3D403500060471 /* LaunchScreen.storyboard */ = {
			isa = PBXVariantGroup;
			children = (
				9384EF2B1D3D403500060471 /* Base */,
			);
			name = LaunchScreen.storyboard;
			sourceTree = "<group>";
		};
/* End PBXVariantGroup section */

/* Begin XCBuildConfiguration section */
		9384EF441D3D403500060471 /* Debug */ = {
			isa = XCBuildConfiguration;
			buildSettings = {
				ALWAYS_SEARCH_USER_PATHS = NO;
				CLANG_ANALYZER_NONNULL = YES;
				CLANG_CXX_LANGUAGE_STANDARD = "gnu++0x";
				CLANG_CXX_LIBRARY = "libc++";
				CLANG_ENABLE_MODULES = YES;
				CLANG_ENABLE_OBJC_ARC = YES;
				CLANG_WARN_BOOL_CONVERSION = YES;
				CLANG_WARN_CONSTANT_CONVERSION = YES;
				CLANG_WARN_DIRECT_OBJC_ISA_USAGE = YES_ERROR;
				CLANG_WARN_EMPTY_BODY = YES;
				CLANG_WARN_ENUM_CONVERSION = YES;
				CLANG_WARN_INT_CONVERSION = YES;
				CLANG_WARN_OBJC_ROOT_CLASS = YES_ERROR;
				CLANG_WARN_UNREACHABLE_CODE = YES;
				CLANG_WARN__DUPLICATE_METHOD_MATCH = YES;
				"CODE_SIGN_IDENTITY[sdk=iphoneos*]" = "iPhone Developer";
				COPY_PHASE_STRIP = NO;
				DEBUG_INFORMATION_FORMAT = dwarf;
				ENABLE_STRICT_OBJC_MSGSEND = YES;
				ENABLE_TESTABILITY = YES;
				GCC_C_LANGUAGE_STANDARD = gnu99;
				GCC_DYNAMIC_NO_PIC = NO;
				GCC_NO_COMMON_BLOCKS = YES;
				GCC_OPTIMIZATION_LEVEL = 0;
				GCC_PREPROCESSOR_DEFINITIONS = (
					"DEBUG=1",
					"$(inherited)",
				);
				GCC_WARN_64_TO_32_BIT_CONVERSION = YES;
				GCC_WARN_ABOUT_RETURN_TYPE = YES_ERROR;
				GCC_WARN_UNDECLARED_SELECTOR = YES;
				GCC_WARN_UNINITIALIZED_AUTOS = YES_AGGRESSIVE;
				GCC_WARN_UNUSED_FUNCTION = YES;
				GCC_WARN_UNUSED_VARIABLE = YES;
				IPHONEOS_DEPLOYMENT_TARGET = 9.3;
				MTL_ENABLE_DEBUG_INFO = YES;
				ONLY_ACTIVE_ARCH = YES;
				SDKROOT = iphoneos;
				SWIFT_OPTIMIZATION_LEVEL = "-Onone";
			};
			name = Debug;
		};
		9384EF451D3D403500060471 /* Release */ = {
			isa = XCBuildConfiguration;
			buildSettings = {
				ALWAYS_SEARCH_USER_PATHS = NO;
				CLANG_ANALYZER_NONNULL = YES;
				CLANG_CXX_LANGUAGE_STANDARD = "gnu++0x";
				CLANG_CXX_LIBRARY = "libc++";
				CLANG_ENABLE_MODULES = YES;
				CLANG_ENABLE_OBJC_ARC = YES;
				CLANG_WARN_BOOL_CONVERSION = YES;
				CLANG_WARN_CONSTANT_CONVERSION = YES;
				CLANG_WARN_DIRECT_OBJC_ISA_USAGE = YES_ERROR;
				CLANG_WARN_EMPTY_BODY = YES;
				CLANG_WARN_ENUM_CONVERSION = YES;
				CLANG_WARN_INT_CONVERSION = YES;
				CLANG_WARN_OBJC_ROOT_CLASS = YES_ERROR;
				CLANG_WARN_UNREACHABLE_CODE = YES;
				CLANG_WARN__DUPLICATE_METHOD_MATCH = YES;
				"CODE_SIGN_IDENTITY[sdk=iphoneos*]" = "iPhone Developer";
				COPY_PHASE_STRIP = NO;
				DEBUG_INFORMATION_FORMAT = "dwarf-with-dsym";
				ENABLE_NS_ASSERTIONS = NO;
				ENABLE_STRICT_OBJC_MSGSEND = YES;
				GCC_C_LANGUAGE_STANDARD = gnu99;
				GCC_NO_COMMON_BLOCKS = YES;
				GCC_WARN_64_TO_32_BIT_CONVERSION = YES;
				GCC_WARN_ABOUT_RETURN_TYPE = YES_ERROR;
				GCC_WARN_UNDECLARED_SELECTOR = YES;
				GCC_WARN_UNINITIALIZED_AUTOS = YES_AGGRESSIVE;
				GCC_WARN_UNUSED_FUNCTION = YES;
				GCC_WARN_UNUSED_VARIABLE = YES;
				IPHONEOS_DEPLOYMENT_TARGET = 9.3;
				MTL_ENABLE_DEBUG_INFO = NO;
				SDKROOT = iphoneos;
				VALIDATE_PRODUCT = YES;
			};
			name = Release;
		};
		9384EF471D3D403500060471 /* Debug */ = {
			isa = XCBuildConfiguration;
			buildSettings = {
				ASSETCATALOG_COMPILER_APPICON_NAME = AppIcon;
				INFOPLIST_FILE = "LearniOS-BoomAppExercise/Info.plist";
				LD_RUNPATH_SEARCH_PATHS = "$(inherited) @executable_path/Frameworks";
				PRODUCT_BUNDLE_IDENTIFIER = "com.teletechnophiliac.LearniOS-BoomAppExercise";
				PRODUCT_NAME = "$(TARGET_NAME)";
			};
			name = Debug;
		};
		9384EF481D3D403500060471 /* Release */ = {
			isa = XCBuildConfiguration;
			buildSettings = {
				ASSETCATALOG_COMPILER_APPICON_NAME = AppIcon;
				INFOPLIST_FILE = "LearniOS-BoomAppExercise/Info.plist";
				LD_RUNPATH_SEARCH_PATHS = "$(inherited) @executable_path/Frameworks";
				PRODUCT_BUNDLE_IDENTIFIER = "com.teletechnophiliac.LearniOS-BoomAppExercise";
				PRODUCT_NAME = "$(TARGET_NAME)";
			};
			name = Release;
		};
		9384EF4A1D3D403500060471 /* Debug */ = {
			isa = XCBuildConfiguration;
			buildSettings = {
				BUNDLE_LOADER = "$(TEST_HOST)";
				INFOPLIST_FILE = "LearniOS-BoomAppExerciseTests/Info.plist";
				LD_RUNPATH_SEARCH_PATHS = "$(inherited) @executable_path/Frameworks @loader_path/Frameworks";
				PRODUCT_BUNDLE_IDENTIFIER = "com.teletechnophiliac.LearniOS-BoomAppExerciseTests";
				PRODUCT_NAME = "$(TARGET_NAME)";
				TEST_HOST = "$(BUILT_PRODUCTS_DIR)/LearniOS-BoomAppExercise.app/LearniOS-BoomAppExercise";
			};
			name = Debug;
		};
		9384EF4B1D3D403500060471 /* Release */ = {
			isa = XCBuildConfiguration;
			buildSettings = {
				BUNDLE_LOADER = "$(TEST_HOST)";
				INFOPLIST_FILE = "LearniOS-BoomAppExerciseTests/Info.plist";
				LD_RUNPATH_SEARCH_PATHS = "$(inherited) @executable_path/Frameworks @loader_path/Frameworks";
				PRODUCT_BUNDLE_IDENTIFIER = "com.teletechnophiliac.LearniOS-BoomAppExerciseTests";
				PRODUCT_NAME = "$(TARGET_NAME)";
				TEST_HOST = "$(BUILT_PRODUCTS_DIR)/LearniOS-BoomAppExercise.app/LearniOS-BoomAppExercise";
			};
			name = Release;
		};
		9384EF4D1D3D403500060471 /* Debug */ = {
			isa = XCBuildConfiguration;
			buildSettings = {
				INFOPLIST_FILE = "LearniOS-BoomAppExerciseUITests/Info.plist";
				LD_RUNPATH_SEARCH_PATHS = "$(inherited) @executable_path/Frameworks @loader_path/Frameworks";
				PRODUCT_BUNDLE_IDENTIFIER = "com.teletechnophiliac.LearniOS-BoomAppExerciseUITests";
				PRODUCT_NAME = "$(TARGET_NAME)";
				TEST_TARGET_NAME = "LearniOS-BoomAppExercise";
			};
			name = Debug;
		};
		9384EF4E1D3D403500060471 /* Release */ = {
			isa = XCBuildConfiguration;
			buildSettings = {
				INFOPLIST_FILE = "LearniOS-BoomAppExerciseUITests/Info.plist";
				LD_RUNPATH_SEARCH_PATHS = "$(inherited) @executable_path/Frameworks @loader_path/Frameworks";
				PRODUCT_BUNDLE_IDENTIFIER = "com.teletechnophiliac.LearniOS-BoomAppExerciseUITests";
				PRODUCT_NAME = "$(TARGET_NAME)";
				TEST_TARGET_NAME = "LearniOS-BoomAppExercise";
			};
			name = Release;
		};
/* End XCBuildConfiguration section */

/* Begin XCConfigurationList section */
		9384EF191D3D403400060471 /* Build configuration list for PBXProject "LearniOS-BoomAppExercise" */ = {
			isa = XCConfigurationList;
			buildConfigurations = (
				9384EF441D3D403500060471 /* Debug */,
				9384EF451D3D403500060471 /* Release */,
			);
			defaultConfigurationIsVisible = 0;
			defaultConfigurationName = Release;
		};
		9384EF461D3D403500060471 /* Build configuration list for PBXNativeTarget "LearniOS-BoomAppExercise" */ = {
			isa = XCConfigurationList;
			buildConfigurations = (
				9384EF471D3D403500060471 /* Debug */,
				9384EF481D3D403500060471 /* Release */,
			);
			defaultConfigurationIsVisible = 0;
		};
		9384EF491D3D403500060471 /* Build configuration list for PBXNativeTarget "LearniOS-BoomAppExerciseTests" */ = {
			isa = XCConfigurationList;
			buildConfigurations = (
				9384EF4A1D3D403500060471 /* Debug */,
				9384EF4B1D3D403500060471 /* Release */,
			);
			defaultConfigurationIsVisible = 0;
		};
		9384EF4C1D3D403500060471 /* Build configuration list for PBXNativeTarget "LearniOS-BoomAppExerciseUITests" */ = {
			isa = XCConfigurationList;
			buildConfigurations = (
				9384EF4D1D3D403500060471 /* Debug */,
				9384EF4E1D3D403500060471 /* Release */,
			);
			defaultConfigurationIsVisible = 0;
		};
/* End XCConfigurationList section */
	};
	rootObject = 9384EF161D3D403400060471 /* Project object */;
}
